// !$*UTF8*$!
{
	archiveVersion = 1;
	classes = {
	};
	objectVersion = 50;
	objects = {

/* Begin PBXBuildFile section */
		18BC06D525BB4910000FF6F9 /* main2.cpp in Sources */ = {isa = PBXBuildFile; fileRef = 18BC06D425BB4910000FF6F9 /* main2.cpp */; };
/* End PBXBuildFile section */

/* Begin PBXCopyFilesBuildPhase section */
		18BC06CF25BB4910000FF6F9 /* CopyFiles */ = {
			isa = PBXCopyFilesBuildPhase;
			buildActionMask = 2147483647;
			dstPath = /usr/share/man/man1/;
			dstSubfolderSpec = 0;
			files = (
			);
			runOnlyForDeploymentPostprocessing = 1;
		};
/* End PBXCopyFilesBuildPhase section */

/* Begin PBXFileReference section */
		1812146325BFF5BA00C6C68A /* COMP_FUNC.h */ = {isa = PBXFileReference; lastKnownFileType = sourcecode.c.h; path = COMP_FUNC.h; sourceTree = "<group>"; };
		181C300E25BEAE9F004844D2 /* INV_FUNC.h */ = {isa = PBXFileReference; lastKnownFileType = sourcecode.c.h; path = INV_FUNC.h; sourceTree = "<group>"; };
		184DA7BD25C142AA00997492 /* TRANS_FUNC.h */ = {isa = PBXFileReference; lastKnownFileType = sourcecode.c.h; path = TRANS_FUNC.h; sourceTree = "<group>"; };
		18B7C6A625C2A99800F5F513 /* ADD_TRANS.h */ = {isa = PBXFileReference; lastKnownFileType = sourcecode.c.h; path = ADD_TRANS.h; sourceTree = "<group>"; };
		18BC06D125BB4910000FF6F9 /* sqlite */ = {isa = PBXFileReference; explicitFileType = "compiled.mach-o.executable"; includeInIndex = 0; path = sqlite; sourceTree = BUILT_PRODUCTS_DIR; };
		18BC06D425BB4910000FF6F9 /* main2.cpp */ = {isa = PBXFileReference; lastKnownFileType = sourcecode.cpp.cpp; path = main2.cpp; sourceTree = "<group>"; };
/* End PBXFileReference section */

/* Begin PBXFrameworksBuildPhase section */
		18BC06CE25BB4910000FF6F9 /* Frameworks */ = {
			isa = PBXFrameworksBuildPhase;
			buildActionMask = 2147483647;
			files = (
			);
			runOnlyForDeploymentPostprocessing = 0;
		};
/* End PBXFrameworksBuildPhase section */

/* Begin PBXGroup section */
		18BC06C825BB490F000FF6F9 = {
			isa = PBXGroup;
			children = (
				18BC06D325BB4910000FF6F9 /* sqlite */,
				18BC06D225BB4910000FF6F9 /* Products */,
			);
			sourceTree = "<group>";
		};
		18BC06D225BB4910000FF6F9 /* Products */ = {
			isa = PBXGroup;
			children = (
				18BC06D125BB4910000FF6F9 /* sqlite */,
			);
			name = Products;
			sourceTree = "<group>";
		};
		18BC06D325BB4910000FF6F9 /* sqlite */ = {
			isa = PBXGroup;
			children = (
				18BC06D425BB4910000FF6F9 /* main2.cpp */,
				181C300E25BEAE9F004844D2 /* INV_FUNC.h */,
				1812146325BFF5BA00C6C68A /* COMP_FUNC.h */,
				184DA7BD25C142AA00997492 /* TRANS_FUNC.h */,
				18B7C6A625C2A99800F5F513 /* ADD_TRANS.h */,
			);
			path = sqlite;
			sourceTree = "<group>";
		};
/* End PBXGroup section */

/* Begin PBXNativeTarget section */
		18BC06D025BB4910000FF6F9 /* sqlite */ = {
			isa = PBXNativeTarget;
			buildConfigurationList = 18BC06D825BB4910000FF6F9 /* Build configuration list for PBXNativeTarget "sqlite" */;
			buildPhases = (
				18BC06CD25BB4910000FF6F9 /* Sources */,
				18BC06CE25BB4910000FF6F9 /* Frameworks */,
				18BC06CF25BB4910000FF6F9 /* CopyFiles */,
			);
			buildRules = (
			);
			dependencies = (
			);
			name = sqlite;
			productName = sqlite;
			productReference = 18BC06D125BB4910000FF6F9 /* sqlite */;
			productType = "com.apple.product-type.tool";
		};
/* End PBXNativeTarget section */

/* Begin PBXProject section */
		18BC06C925BB490F000FF6F9 /* Project object */ = {
			isa = PBXProject;
			attributes = {
				LastUpgradeCheck = 1120;
				ORGANIZATIONNAME = "VANSH GOEL";
				TargetAttributes = {
					18BC06D025BB4910000FF6F9 = {
						CreatedOnToolsVersion = 11.2.1;
					};
				};
			};
			buildConfigurationList = 18BC06CC25BB490F000FF6F9 /* Build configuration list for PBXProject "sqlite" */;
			compatibilityVersion = "Xcode 9.3";
			developmentRegion = en;
			hasScannedForEncodings = 0;
			knownRegions = (
				en,
				Base,
			);
			mainGroup = 18BC06C825BB490F000FF6F9;
			productRefGroup = 18BC06D225BB4910000FF6F9 /* Products */;
			projectDirPath = "";
			projectRoot = "";
			targets = (
				18BC06D025BB4910000FF6F9 /* sqlite */,
			);
		};
/* End PBXProject section */

/* Begin PBXSourcesBuildPhase section */
		18BC06CD25BB4910000FF6F9 /* Sources */ = {
			isa = PBXSourcesBuildPhase;
			buildActionMask = 2147483647;
			files = (
				18BC06D525BB4910000FF6F9 /* main2.cpp in Sources */,
			);
			runOnlyForDeploymentPostprocessing = 0;
		};
/* End PBXSourcesBuildPhase section */

/* Begin XCBuildConfiguration section */
		18BC06D625BB4910000FF6F9 /* Debug */ = {
			isa = XCBuildConfiguration;
			buildSettings = {
				ALWAYS_SEARCH_USER_PATHS = NO;
				CLANG_ANALYZER_NONNULL = YES;
				CLANG_ANALYZER_NUMBER_OBJECT_CONVERSION = YES_AGGRESSIVE;
				CLANG_CXX_LANGUAGE_STANDARD = "gnu++14";
				CLANG_CXX_LIBRARY = "libc++";
				CLANG_ENABLE_MODULES = YES;
				CLANG_ENABLE_OBJC_ARC = YES;
				CLANG_ENABLE_OBJC_WEAK = YES;
				CLANG_WARN_BLOCK_CAPTURE_AUTORELEASING = YES;
				CLANG_WARN_BOOL_CONVERSION = YES;
				CLANG_WARN_COMMA = YES;
				CLANG_WARN_CONSTANT_CONVERSION = YES;
				CLANG_WARN_DEPRECATED_OBJC_IMPLEMENTATIONS = YES;
				CLANG_WARN_DIRECT_OBJC_ISA_USAGE = YES_ERROR;
				CLANG_WARN_DOCUMENTATION_COMMENTS = YES;
				CLANG_WARN_EMPTY_BODY = YES;
				CLANG_WARN_ENUM_CONVERSION = YES;
				CLANG_WARN_INFINITE_RECURSION = YES;
				CLANG_WARN_INT_CONVERSION = YES;
				CLANG_WARN_NON_LITERAL_NULL_CONVERSION = YES;
				CLANG_WARN_OBJC_IMPLICIT_RETAIN_SELF = YES;
				CLANG_WARN_OBJC_LITERAL_CONVERSION = YES;
				CLANG_WARN_OBJC_ROOT_CLASS = YES_ERROR;
				CLANG_WARN_RANGE_LOOP_ANALYSIS = YES;
				CLANG_WARN_STRICT_PROTOTYPES = YES;
				CLANG_WARN_SUSPICIOUS_MOVE = YES;
				CLANG_WARN_UNGUARDED_AVAILABILITY = YES_AGGRESSIVE;
				CLANG_WARN_UNREACHABLE_CODE = YES;
				CLANG_WARN__DUPLICATE_METHOD_MATCH = YES;
				COPY_PHASE_STRIP = NO;
				DEBUG_INFORMATION_FORMAT = dwarf;
				ENABLE_STRICT_OBJC_MSGSEND = YES;
				ENABLE_TESTABILITY = YES;
				GCC_C_LANGUAGE_STANDARD = gnu11;
				GCC_DYNAMIC_NO_PIC = NO;
				GCC_NO_COMMON_BLOCKS = YES;
				GCC_OPTIMIZATION_LEVEL = 0;
				GCC_PREPROCESSOR_DEFINITIONS = (
					"DEBUG=1",
					"$(inherited)",
				);
				GCC_WARN_64_TO_32_BIT_CONVERSION = YES;
				GCC_WARN_ABOUT_RETURN_TYPE = YES_ERROR;
				GCC_WARN_UNDECLARED_SELECTOR = YES;
				GCC_WARN_UNINITIALIZED_AUTOS = YES_AGGRESSIVE;
				GCC_WARN_UNUSED_FUNCTION = YES;
				GCC_WARN_UNUSED_VARIABLE = YES;
				MACOSX_DEPLOYMENT_TARGET = 10.16;
				MTL_ENABLE_DEBUG_INFO = INCLUDE_SOURCE;
				MTL_FAST_MATH = YES;
				ONLY_ACTIVE_ARCH = YES;
				SDKROOT = macosx;
			};
			name = Debug;
		};
		18BC06D725BB4910000FF6F9 /* Release */ = {
			isa = XCBuildConfiguration;
			buildSettings = {
				ALWAYS_SEARCH_USER_PATHS = NO;
				CLANG_ANALYZER_NONNULL = YES;
				CLANG_ANALYZER_NUMBER_OBJECT_CONVERSION = YES_AGGRESSIVE;
				CLANG_CXX_LANGUAGE_STANDARD = "gnu++14";
				CLANG_CXX_LIBRARY = "libc++";
				CLANG_ENABLE_MODULES = YES;
				CLANG_ENABLE_OBJC_ARC = YES;
				CLANG_ENABLE_OBJC_WEAK = YES;
				CLANG_WARN_BLOCK_CAPTURE_AUTORELEASING = YES;
				CLANG_WARN_BOOL_CONVERSION = YES;
				CLANG_WARN_COMMA = YES;
				CLANG_WARN_CONSTANT_CONVERSION = YES;
				CLANG_WARN_DEPRECATED_OBJC_IMPLEMENTATIONS = YES;
				CLANG_WARN_DIRECT_OBJC_ISA_USAGE = YES_ERROR;
				CLANG_WARN_DOCUMENTATION_COMMENTS = YES;
				CLANG_WARN_EMPTY_BODY = YES;
				CLANG_WARN_ENUM_CONVERSION = YES;
				CLANG_WARN_INFINITE_RECURSION = YES;
				CLANG_WARN_INT_CONVERSION = YES;
				CLANG_WARN_NON_LITERAL_NULL_CONVERSION = YES;
				CLANG_WARN_OBJC_IMPLICIT_RETAIN_SELF = YES;
				CLANG_WARN_OBJC_LITERAL_CONVERSION = YES;
				CLANG_WARN_OBJC_ROOT_CLASS = YES_ERROR;
				CLANG_WARN_RANGE_LOOP_ANALYSIS = YES;
				CLANG_WARN_STRICT_PROTOTYPES = YES;
				CLANG_WARN_SUSPICIOUS_MOVE = YES;
				CLANG_WARN_UNGUARDED_AVAILABILITY = YES_AGGRESSIVE;
				CLANG_WARN_UNREACHABLE_CODE = YES;
				CLANG_WARN__DUPLICATE_METHOD_MATCH = YES;
				COPY_PHASE_STRIP = NO;
				DEBUG_INFORMATION_FORMAT = "dwarf-with-dsym";
				ENABLE_NS_ASSERTIONS = NO;
				ENABLE_STRICT_OBJC_MSGSEND = YES;
				GCC_C_LANGUAGE_STANDARD = gnu11;
				GCC_NO_COMMON_BLOCKS = YES;
				GCC_WARN_64_TO_32_BIT_CONVERSION = YES;
				GCC_WARN_ABOUT_RETURN_TYPE = YES_ERROR;
				GCC_WARN_UNDECLARED_SELECTOR = YES;
				GCC_WARN_UNINITIALIZED_AUTOS = YES_AGGRESSIVE;
				GCC_WARN_UNUSED_FUNCTION = YES;
				GCC_WARN_UNUSED_VARIABLE = YES;
				MACOSX_DEPLOYMENT_TARGET = 10.16;
				MTL_ENABLE_DEBUG_INFO = NO;
				MTL_FAST_MATH = YES;
				SDKROOT = macosx;
			};
			name = Release;
		};
		18BC06D925BB4910000FF6F9 /* Debug */ = {
			isa = XCBuildConfiguration;
			buildSettings = {
				CODE_SIGN_STYLE = Automatic;
				"OTHER_LDFLAGS[arch=*]" = "-lsqlite3";
				PRODUCT_NAME = "$(TARGET_NAME)";
			};
			name = Debug;
		};
		18BC06DA25BB4910000FF6F9 /* Release */ = {
			isa = XCBuildConfiguration;
			buildSettings = {
				CODE_SIGN_STYLE = Automatic;
				"OTHER_LDFLAGS[arch=*]" = "-lsqlite3";
				PRODUCT_NAME = "$(TARGET_NAME)";
			};
			name = Release;
		};
/* End XCBuildConfiguration section */

/* Begin XCConfigurationList section */
		18BC06CC25BB490F000FF6F9 /* Build configuration list for PBXProject "sqlite" */ = {
			isa = XCConfigurationList;
			buildConfigurations = (
				18BC06D625BB4910000FF6F9 /* Debug */,
				18BC06D725BB4910000FF6F9 /* Release */,
			);
			defaultConfigurationIsVisible = 0;
			defaultConfigurationName = Release;
		};
		18BC06D825BB4910000FF6F9 /* Build configuration list for PBXNativeTarget "sqlite" */ = {
			isa = XCConfigurationList;
			buildConfigurations = (
				18BC06D925BB4910000FF6F9 /* Debug */,
				18BC06DA25BB4910000FF6F9 /* Release */,
			);
			defaultConfigurationIsVisible = 0;
			defaultConfigurationName = Release;
		};
/* End XCConfigurationList section */
	};
	rootObject = 18BC06C925BB490F000FF6F9 /* Project object */;
}
